
Microsoft Visual Studio Solution File, Format Version 12.00
# Visual Studio Version 16
VisualStudioVersion = 16.0.32228.343
MinimumVisualStudioVersion = 10.0.40219.1
Project("{FAE04EC0-301F-11D3-BF4B-00C04F79EFBC}") = "EjIF2", "EjIF2\EjIF2.csproj", "{983C5CD5-3414-4A4F-8CC4-143A44C66C47}"
EndProject
Global
	GlobalSection(SolutionConfigurationPlatforms) = preSolution
		Debug|Any CPU = Debug|Any CPU
		Release|Any CPU = Release|Any CPU
	EndGlobalSection
	GlobalSection(ProjectConfigurationPlatforms) = postSolution
		{983C5CD5-3414-4A4F-8CC4-143A44C66C47}.Debug|Any CPU.ActiveCfg = Debug|Any CPU
		{983C5CD5-3414-4A4F-8CC4-143A44C66C47}.Debug|Any CPU.Build.0 = Debug|Any CPU
		{983C5CD5-3414-4A4F-8CC4-143A44C66C47}.Release|Any CPU.ActiveCfg = Release|Any CPU
		{983C5CD5-3414-4A4F-8CC4-143A44C66C47}.Release|Any CPU.Build.0 = Release|Any CPU
	EndGlobalSection
	GlobalSection(SolutionProperties) = preSolution
		HideSolutionNode = FALSE
	EndGlobalSection
	GlobalSection(ExtensibilityGlobals) = postSolution
		SolutionGuid = {ABCB6AE2-EB96-4430-A310-E962C5F8CF26}
	EndGlobalSection
EndGlobal
